
Microsoft Visual Studio Solution File, Format Version 12.00
# Visual Studio Version 17
VisualStudioVersion = 17.6.33723.286
MinimumVisualStudioVersion = 10.0.40219.1
Project("{FAE04EC0-301F-11D3-BF4B-00C04F79EFBC}") = "GrpcGreeterClient", "GrpcGreeterClient\GrpcGreeterClient.csproj", "{7B2BEB2E-4ADC-4EAB-92B1-966E7029AF11}"
EndProject
Global
	GlobalSection(SolutionConfigurationPlatforms) = preSolution
		Debug|Any CPU = Debug|Any CPU
		Release|Any CPU = Release|Any CPU
	EndGlobalSection
	GlobalSection(ProjectConfigurationPlatforms) = postSolution
		{7B2BEB2E-4ADC-4EAB-92B1-966E7029AF11}.Debug|Any CPU.ActiveCfg = Debug|Any CPU
		{7B2BEB2E-4ADC-4EAB-92B1-966E7029AF11}.Debug|Any CPU.Build.0 = Debug|Any CPU
		{7B2BEB2E-4ADC-4EAB-92B1-966E7029AF11}.Release|Any CPU.ActiveCfg = Release|Any CPU
		{7B2BEB2E-4ADC-4EAB-92B1-966E7029AF11}.Release|Any CPU.Build.0 = Release|Any CPU
	EndGlobalSection
	GlobalSection(SolutionProperties) = preSolution
		HideSolutionNode = FALSE
	EndGlobalSection
	GlobalSection(ExtensibilityGlobals) = postSolution
		SolutionGuid = {48B66EAB-8170-4086-BFDE-E05CAB9B90B4}
	EndGlobalSection
EndGlobal
